
Microsoft Visual Studio Solution File, Format Version 12.00
# Visual Studio 15
VisualStudioVersion = 15.0.27004.2009
MinimumVisualStudioVersion = 10.0.40219.1
Project("{FAE04EC0-301F-11D3-BF4B-00C04F79EFBC}") = "2.0", "2.0\2.0.csproj", "{E2A0B734-E4C4-40E8-AF0C-6CD16729F1B4}"
EndProject
Project("{FAE04EC0-301F-11D3-BF4B-00C04F79EFBC}") = "3.0", "3.0\3.0.csproj", "{7831000B-BF16-444E-A1C4-5FBC1BC0D76D}"
EndProject
Project("{FAE04EC0-301F-11D3-BF4B-00C04F79EFBC}") = "3.1", "3.1\3.1.csproj", "{DC7EEC29-333F-4F76-8F43-370318EE44D9}"
EndProject
Project("{FAE04EC0-301F-11D3-BF4B-00C04F79EFBC}") = "Example", "Example\Example.csproj", "{5A75B0B1-99DF-455E-8285-5FFF3EFC3ED9}"
EndProject
Global
	GlobalSection(SolutionConfigurationPlatforms) = preSolution
		Debug|Any CPU = Debug|Any CPU
		Release|Any CPU = Release|Any CPU
	EndGlobalSection
	GlobalSection(ProjectConfigurationPlatforms) = postSolution
		{E2A0B734-E4C4-40E8-AF0C-6CD16729F1B4}.Debug|Any CPU.ActiveCfg = Debug|Any CPU
		{E2A0B734-E4C4-40E8-AF0C-6CD16729F1B4}.Debug|Any CPU.Build.0 = Debug|Any CPU
		{E2A0B734-E4C4-40E8-AF0C-6CD16729F1B4}.Release|Any CPU.ActiveCfg = Release|Any CPU
		{E2A0B734-E4C4-40E8-AF0C-6CD16729F1B4}.Release|Any CPU.Build.0 = Release|Any CPU
		{7831000B-BF16-444E-A1C4-5FBC1BC0D76D}.Debug|Any CPU.ActiveCfg = Debug|Any CPU
		{7831000B-BF16-444E-A1C4-5FBC1BC0D76D}.Debug|Any CPU.Build.0 = Debug|Any CPU
		{7831000B-BF16-444E-A1C4-5FBC1BC0D76D}.Release|Any CPU.ActiveCfg = Release|Any CPU
		{7831000B-BF16-444E-A1C4-5FBC1BC0D76D}.Release|Any CPU.Build.0 = Release|Any CPU
		{DC7EEC29-333F-4F76-8F43-370318EE44D9}.Debug|Any CPU.ActiveCfg = Debug|Any CPU
		{DC7EEC29-333F-4F76-8F43-370318EE44D9}.Debug|Any CPU.Build.0 = Debug|Any CPU
		{DC7EEC29-333F-4F76-8F43-370318EE44D9}.Release|Any CPU.ActiveCfg = Release|Any CPU
		{DC7EEC29-333F-4F76-8F43-370318EE44D9}.Release|Any CPU.Build.0 = Release|Any CPU
		{5A75B0B1-99DF-455E-8285-5FFF3EFC3ED9}.Debug|Any CPU.ActiveCfg = Debug|Any CPU
		{5A75B0B1-99DF-455E-8285-5FFF3EFC3ED9}.Debug|Any CPU.Build.0 = Debug|Any CPU
		{5A75B0B1-99DF-455E-8285-5FFF3EFC3ED9}.Release|Any CPU.ActiveCfg = Release|Any CPU
		{5A75B0B1-99DF-455E-8285-5FFF3EFC3ED9}.Release|Any CPU.Build.0 = Release|Any CPU
	EndGlobalSection
	GlobalSection(SolutionProperties) = preSolution
		HideSolutionNode = FALSE
	EndGlobalSection
	GlobalSection(ExtensibilityGlobals) = postSolution
		SolutionGuid = {5C95C0DD-7557-4C58-8DED-419934FBB20C}
	EndGlobalSection
EndGlobal
